PODS:
  - OBInjector (1.4.0)
  - OCHamcrest (5.3.0)
  - OCMockito (3.0.1):
    - OCHamcrest (~> 5.1)

DEPENDENCIES:
  - OBInjector (~> 1.4.0)
  - OCHamcrest (~> 5.0)
  - OCMockito (~> 3.0)

SPEC CHECKSUMS:
  OBInjector: 80ff523dbdf85d66c4daa5c9ec12d8e71b6e6026
  OCHamcrest: 14696874144153e924a434742cbca38bdbbd4f25
  OCMockito: 9eee3c61e42f7cb8aa015d66f8cc16849701d973

PODFILE CHECKSUM: a4024d5ffbcd5ec40625c52982894ccb46de3c59

COCOAPODS: 1.0.0
