PODS:
  - OBInjector (1.3.0)
  - OCHamcrest (5.3.0)
  - OCMockito (3.0.1):
    - OCHamcrest (~> 5.1)

DEPENDENCIES:
  - OBInjector (from `git@github.com:openbakery/OBInjector.git`, tag `1.3.1`)
  - OCHamcrest (~> 5.0)
  - OCMockito (~> 3.0)

EXTERNAL SOURCES:
  OBInjector:
    :git: git@github.com:openbakery/OBInjector.git
    :tag: 1.3.1

CHECKOUT OPTIONS:
  OBInjector:
    :git: git@github.com:openbakery/OBInjector.git
    :tag: 1.3.1

SPEC CHECKSUMS:
  OBInjector: 37685616a3fc474ae7ab186b74280ee2d54354c3
  OCHamcrest: 14696874144153e924a434742cbca38bdbbd4f25
  OCMockito: 9eee3c61e42f7cb8aa015d66f8cc16849701d973

PODFILE CHECKSUM: bfc0c2c0e2530e64df3384199ed138846f2ca727

COCOAPODS: 1.0.0
