// !$*UTF8*$!
{
	archiveVersion = 1;
	classes = {
	};
	objectVersion = 46;
	objects = {

/* Begin PBXBuildFile section */
		355B22616E9A26C517A0F0ED /* OBAbstractTableViewControllerTest.m in Sources */ = {isa = PBXBuildFile; fileRef = 355B2276845046B45EE861F0 /* OBAbstractTableViewControllerTest.m */; };
		355B23018921812CD9D20D13 /* OBModelCellBindingTest.m in Sources */ = {isa = PBXBuildFile; fileRef = 355B2D1913D5E582B24BBB49 /* OBModelCellBindingTest.m */; };
		355B23534FD7047E63D94D73 /* OBSimpleTableViewControllerTest.m in Sources */ = {isa = PBXBuildFile; fileRef = 355B2BFE2BB5AF7B639D89F1 /* OBSimpleTableViewControllerTest.m */; };
		355B24D0A8EE7801C9BDFB16 /* UITableViewStub.m in Sources */ = {isa = PBXBuildFile; fileRef = 355B2058C0CBB17FB498DCFE /* UITableViewStub.m */; };
		355B254D2F32C4A0F90FA6D2 /* UISearchBarPropertyBindingTest.m in Sources */ = {isa = PBXBuildFile; fileRef = 355B27A3D2302B17EFCF5870 /* UISearchBarPropertyBindingTest.m */; };
		355B255402BEE645747905A7 /* OBTableViewControllerTest_SetModels.m in Sources */ = {isa = PBXBuildFile; fileRef = 355B23DC1CB32883B8FC9C09 /* OBTableViewControllerTest_SetModels.m */; };
		355B2560A16CA5C9A397F204 /* OBTableViewControllerTest.m in Sources */ = {isa = PBXBuildFile; fileRef = 355B26CDDD0B40303AE48656 /* OBTableViewControllerTest.m */; };
		355B263D86FE46D538A0186E /* OBTestCase.m in Sources */ = {isa = PBXBuildFile; fileRef = 355B2FED1592B6C99E355D50 /* OBTestCase.m */; };
		355B28D2A98416B8A17ED739 /* OBCustomTableViewCell.m in Sources */ = {isa = PBXBuildFile; fileRef = 355B2F7CE7C3C217B0E54501 /* OBCustomTableViewCell.m */; };
		355B2EEF54E1153B2F61BFD2 /* OBSearchBarTableViewCell.m in Sources */ = {isa = PBXBuildFile; fileRef = 355B219DC28E2BA7EAF6A2E2 /* OBSearchBarTableViewCell.m */; };
		A7378CCC1CA2D0BF00D30471 /* OBTableViewController-Umbrella.h in Headers */ = {isa = PBXBuildFile; fileRef = A7378CCB1CA2D0BD00D30471 /* OBTableViewController-Umbrella.h */; settings = {ATTRIBUTES = (Public, ); }; };
		A7378CCD1CA2D12000D30471 /* OBPropertyBinding.h in Headers */ = {isa = PBXBuildFile; fileRef = 355B2B019FDC69BF58EDCDCF /* OBPropertyBinding.h */; settings = {ATTRIBUTES = (Public, ); }; };
		A7378CCE1CA2D12000D30471 /* OBModelCellBinding.h in Headers */ = {isa = PBXBuildFile; fileRef = 355B28DBF02C849B5651230C /* OBModelCellBinding.h */; settings = {ATTRIBUTES = (Public, ); }; };
		A7378CCF1CA2D12000D30471 /* UILabelPropertyBinding.h in Headers */ = {isa = PBXBuildFile; fileRef = 355B26CC11DCF0D46B6B4EEA /* UILabelPropertyBinding.h */; settings = {ATTRIBUTES = (Public, ); }; };
		A7378CD01CA2D12000D30471 /* OBAccessoryPropertyBinding.h in Headers */ = {isa = PBXBuildFile; fileRef = 355B202917724E974E85772A /* OBAccessoryPropertyBinding.h */; settings = {ATTRIBUTES = (Public, ); }; };
		A7378CD11CA2D12000D30471 /* UIImageViewPropertyBinding.h in Headers */ = {isa = PBXBuildFile; fileRef = 355B2BB8476B02A1745B4AFB /* UIImageViewPropertyBinding.h */; settings = {ATTRIBUTES = (Public, ); }; };
		A7378CD21CA2D12000D30471 /* UISearchBarPropertyBinding.h in Headers */ = {isa = PBXBuildFile; fileRef = 355B2FC3536F7CE46FFD85C6 /* UISearchBarPropertyBinding.h */; settings = {ATTRIBUTES = (Public, ); }; };
		A7378CD31CA2D12000D30471 /* UITextFieldPropertyBinding.h in Headers */ = {isa = PBXBuildFile; fileRef = 355B2DB14E52A15EF1995622 /* UITextFieldPropertyBinding.h */; settings = {ATTRIBUTES = (Public, ); }; };
		A7378CD41CA2D12000D30471 /* UIDatePickerPropertyBinding.h in Headers */ = {isa = PBXBuildFile; fileRef = 355B2045B23DD29001B78D7A /* UIDatePickerPropertyBinding.h */; settings = {ATTRIBUTES = (Public, ); }; };
		A7378CD51CA2D12000D30471 /* UILabelToDatePropertyBinding.h in Headers */ = {isa = PBXBuildFile; fileRef = 355B2633358B942BB632449C /* UILabelToDatePropertyBinding.h */; settings = {ATTRIBUTES = (Public, ); }; };
		A7378CD61CA2D12000D30471 /* OBIntegerPropertyBinding.h in Headers */ = {isa = PBXBuildFile; fileRef = 355B2F209A32F0F285B89DF9 /* OBIntegerPropertyBinding.h */; settings = {ATTRIBUTES = (Public, ); }; };
		A7378CD71CA2D12000D30471 /* UITextViewPropertyBinding.h in Headers */ = {isa = PBXBuildFile; fileRef = 355B20114F297F3CB2189724 /* UITextViewPropertyBinding.h */; settings = {ATTRIBUTES = (Public, ); }; };
		A7378CD81CA2D12000D30471 /* OBAbstractTableViewController.h in Headers */ = {isa = PBXBuildFile; fileRef = 355B258470BE994BF75E1FC6 /* OBAbstractTableViewController.h */; settings = {ATTRIBUTES = (Public, ); }; };
		A7378CD91CA2D12000D30471 /* OBSimpleTableViewController.h in Headers */ = {isa = PBXBuildFile; fileRef = 355B2570F32C5BB4DAB19813 /* OBSimpleTableViewController.h */; settings = {ATTRIBUTES = (Public, ); }; };
		A7378CDA1CA2D12000D30471 /* OBTableViewController.h in Headers */ = {isa = PBXBuildFile; fileRef = 355B24C8B1113A39A1EB9336 /* OBTableViewController.h */; settings = {ATTRIBUTES = (Public, ); }; };
		A7378CDB1CA2D12000D30471 /* OBTableViewControllerDelegate.h in Headers */ = {isa = PBXBuildFile; fileRef = 355B280D0B200C334901D126 /* OBTableViewControllerDelegate.h */; settings = {ATTRIBUTES = (Public, ); }; };
		A7378CDC1CA2D12000D30471 /* OBTableViewSection.h in Headers */ = {isa = PBXBuildFile; fileRef = 355B22C856FA3242F52C2729 /* OBTableViewSection.h */; settings = {ATTRIBUTES = (Public, ); }; };
		A7378CDD1CA2D12000D30471 /* OBProperty.h in Headers */ = {isa = PBXBuildFile; fileRef = 355B28795380302DD0C11AD1 /* OBProperty.h */; settings = {ATTRIBUTES = (Public, ); }; };
		A7378CDE1CA2D12000D30471 /* OBReflection.h in Headers */ = {isa = PBXBuildFile; fileRef = 355B2BBACB9827E2B653CBE8 /* OBReflection.h */; settings = {ATTRIBUTES = (Public, ); }; };
		A7378CDF1CA2D12000D30471 /* UITableViewCellModel.h in Headers */ = {isa = PBXBuildFile; fileRef = 355B21B5E2A6856A8DB9F9BA /* UITableViewCellModel.h */; settings = {ATTRIBUTES = (Public, ); }; };
		A7378CE11CA2D28700D30471 /* UILabelToDatePropertyBinding.m in Sources */ = {isa = PBXBuildFile; fileRef = 355B234C4BDDA9CF42B4F875 /* UILabelToDatePropertyBinding.m */; };
		A7378CE31CA2DBC400D30471 /* OBPropertyBinding.m in Sources */ = {isa = PBXBuildFile; fileRef = 355B2FFCCCF2D783A8CD2DBF /* OBPropertyBinding.m */; };
		A7378CE41CA2DBCD00D30471 /* OBModelCellBinding.m in Sources */ = {isa = PBXBuildFile; fileRef = 355B21A484FCF7700D1D137D /* OBModelCellBinding.m */; };
		A7378CE51CA2DBCD00D30471 /* UILabelPropertyBinding.m in Sources */ = {isa = PBXBuildFile; fileRef = 355B2CA2F3830BFB2C6F4360 /* UILabelPropertyBinding.m */; };
		A7378CE61CA2DBCD00D30471 /* OBAccessoryPropertyBinding.m in Sources */ = {isa = PBXBuildFile; fileRef = 355B2B7E748A1D46F3388333 /* OBAccessoryPropertyBinding.m */; };
		A7378CE71CA2DBCD00D30471 /* UIImageViewPropertyBinding.m in Sources */ = {isa = PBXBuildFile; fileRef = 355B23D1CCD44E05D98D0F36 /* UIImageViewPropertyBinding.m */; };
		A7378CE81CA2DBCD00D30471 /* UISearchBarPropertyBinding.m in Sources */ = {isa = PBXBuildFile; fileRef = 355B25ECE0C021A8C55F81E4 /* UISearchBarPropertyBinding.m */; };
		A7378CE91CA2DBCD00D30471 /* UITextFieldPropertyBinding.m in Sources */ = {isa = PBXBuildFile; fileRef = 355B2FADC1B95E84CA108B9A /* UITextFieldPropertyBinding.m */; };
		A7378CEA1CA2DBCD00D30471 /* UIDatePickerPropertyBinding.m in Sources */ = {isa = PBXBuildFile; fileRef = 355B230AF2474DA62A75CB4B /* UIDatePickerPropertyBinding.m */; };
		A7378CEB1CA2DBCD00D30471 /* OBIntegerPropertyBinding.m in Sources */ = {isa = PBXBuildFile; fileRef = 355B2E21B4A242F9370BBDD9 /* OBIntegerPropertyBinding.m */; };
		A7378CEC1CA2DBCD00D30471 /* UITextViewPropertyBinding.m in Sources */ = {isa = PBXBuildFile; fileRef = 355B220F1054DA7DF6C068CA /* UITextViewPropertyBinding.m */; };
		A7378CED1CA2DBD400D30471 /* OBAbstractTableViewController.m in Sources */ = {isa = PBXBuildFile; fileRef = 355B20C8526263F40A5A9527 /* OBAbstractTableViewController.m */; };
		A7378CEE1CA2DBD400D30471 /* OBSimpleTableViewController.m in Sources */ = {isa = PBXBuildFile; fileRef = 355B25D1B751831C8D6C93D2 /* OBSimpleTableViewController.m */; };
		A7378CEF1CA2DBD400D30471 /* OBTableViewController.m in Sources */ = {isa = PBXBuildFile; fileRef = 355B217D70CF3AF2312F1A8F /* OBTableViewController.m */; };
		A7378CF01CA2DBD400D30471 /* OBTableViewSection.m in Sources */ = {isa = PBXBuildFile; fileRef = 355B26B987C33D692456D0B8 /* OBTableViewSection.m */; };
		A7378D1F1CA2E0D000D30471 /* OBProperty.m in Sources */ = {isa = PBXBuildFile; fileRef = 355B22BE0E059B7C50EE2C2D /* OBProperty.m */; };
		A7378D201CA2E0D200D30471 /* OBReflection.m in Sources */ = {isa = PBXBuildFile; fileRef = 355B2D65015654E524532F02 /* OBReflection.m */; };
		A7378D211CA2E0D600D30471 /* UITableViewCellModel.m in Sources */ = {isa = PBXBuildFile; fileRef = 355B2123F178907C41F816A0 /* UITableViewCellModel.m */; };
		A7378D221CA2E6A300D30471 /* OBTableViewController.framework in Frameworks */ = {isa = PBXBuildFile; fileRef = A7378CA81CA2CED300D30471 /* OBTableViewController.framework */; };
		A754FD5919094CFE00F92530 /* XCTest.framework in Frameworks */ = {isa = PBXBuildFile; fileRef = A754FD5819094CFE00F92530 /* XCTest.framework */; };
		A754FD5A19094CFE00F92530 /* Foundation.framework in Frameworks */ = {isa = PBXBuildFile; fileRef = A754FD3A19094CFE00F92530 /* Foundation.framework */; };
		A754FD5B19094CFE00F92530 /* UIKit.framework in Frameworks */ = {isa = PBXBuildFile; fileRef = A754FD3E19094CFE00F92530 /* UIKit.framework */; };
		A754FD5C19094CFE00F92530 /* CoreData.framework in Frameworks */ = {isa = PBXBuildFile; fileRef = A754FD4019094CFE00F92530 /* CoreData.framework */; };
		A758DB6E1D65E3F60055A886 /* OCHamcrest.framework in Frameworks */ = {isa = PBXBuildFile; fileRef = A758DB6A1D65E3AB0055A886 /* OCHamcrest.framework */; };
		A758DB6F1D65E3F60055A886 /* OCMockito.framework in Frameworks */ = {isa = PBXBuildFile; fileRef = A758DB6B1D65E3AB0055A886 /* OCMockito.framework */; };
		A758DB741D65E5310055A886 /* OCHamcrest.framework in CopyFiles */ = {isa = PBXBuildFile; fileRef = A758DB6A1D65E3AB0055A886 /* OCHamcrest.framework */; settings = {ATTRIBUTES = (CodeSignOnCopy, RemoveHeadersOnCopy, ); }; };
		A758DB751D65E5310055A886 /* OCMockito.framework in CopyFiles */ = {isa = PBXBuildFile; fileRef = A758DB6B1D65E3AB0055A886 /* OCMockito.framework */; settings = {ATTRIBUTES = (CodeSignOnCopy, RemoveHeadersOnCopy, ); }; };
		A7961E101CF460E900F6DFC6 /* main.m in Sources */ = {isa = PBXBuildFile; fileRef = A754FD7A19094EB900F92530 /* main.m */; };
		A7961E111CF460ED00F6DFC6 /* OBAppDelegate.m in Sources */ = {isa = PBXBuildFile; fileRef = A754FD7C19094EB900F92530 /* OBAppDelegate.m */; };
		A7961E121CF460ED00F6DFC6 /* OBDemoViewController.m in Sources */ = {isa = PBXBuildFile; fileRef = 355B21541CFC21B27110011A /* OBDemoViewController.m */; };
		A7961E131CF460ED00F6DFC6 /* OBInsertViewController.m in Sources */ = {isa = PBXBuildFile; fileRef = A77E7C0C1986A685008083C5 /* OBInsertViewController.m */; };
		A7961E141CF460F300F6DFC6 /* Storyboard.storyboard in Resources */ = {isa = PBXBuildFile; fileRef = A7E11C3F19096A3000AEA800 /* Storyboard.storyboard */; };
		A7961E151CF460F300F6DFC6 /* LaunchScreen.storyboard in Resources */ = {isa = PBXBuildFile; fileRef = A75B2C851C7741AD003D753D /* LaunchScreen.storyboard */; };
		A7961E161CF4610200F6DFC6 /* Images.xcassets in Resources */ = {isa = PBXBuildFile; fileRef = A754FD7819094EB900F92530 /* Images.xcassets */; };
		A7961E171CF4618F00F6DFC6 /* OBTableViewController.framework in Frameworks */ = {isa = PBXBuildFile; fileRef = A7378CA81CA2CED300D30471 /* OBTableViewController.framework */; };
		A7961E181CF4618F00F6DFC6 /* OBTableViewController.framework in Embed Frameworks */ = {isa = PBXBuildFile; fileRef = A7378CA81CA2CED300D30471 /* OBTableViewController.framework */; settings = {ATTRIBUTES = (CodeSignOnCopy, RemoveHeadersOnCopy, ); }; };
/* End PBXBuildFile section */

/* Begin PBXContainerItemProxy section */
		A7961E191CF4618F00F6DFC6 /* PBXContainerItemProxy */ = {
			isa = PBXContainerItemProxy;
			containerPortal = A754FD2F19094CFE00F92530 /* Project object */;
			proxyType = 1;
			remoteGlobalIDString = A7378CA71CA2CED300D30471;
			remoteInfo = OBTableViewController;
		};
		A7961E1C1CF4627B00F6DFC6 /* PBXContainerItemProxy */ = {
			isa = PBXContainerItemProxy;
			containerPortal = A754FD2F19094CFE00F92530 /* Project object */;
			proxyType = 1;
			remoteGlobalIDString = A7961DF51CF460D900F6DFC6;
			remoteInfo = DemoApp;
		};
/* End PBXContainerItemProxy section */

/* Begin PBXCopyFilesBuildPhase section */
		A758DB731D65E5270055A886 /* CopyFiles */ = {
			isa = PBXCopyFilesBuildPhase;
			buildActionMask = 2147483647;
			dstPath = "";
			dstSubfolderSpec = 10;
			files = (
				A758DB741D65E5310055A886 /* OCHamcrest.framework in CopyFiles */,
				A758DB751D65E5310055A886 /* OCMockito.framework in CopyFiles */,
			);
			runOnlyForDeploymentPostprocessing = 0;
		};
		A7961E1B1CF4618F00F6DFC6 /* Embed Frameworks */ = {
			isa = PBXCopyFilesBuildPhase;
			buildActionMask = 2147483647;
			dstPath = "";
			dstSubfolderSpec = 10;
			files = (
				A7961E181CF4618F00F6DFC6 /* OBTableViewController.framework in Embed Frameworks */,
			);
			name = "Embed Frameworks";
			runOnlyForDeploymentPostprocessing = 0;
		};
/* End PBXCopyFilesBuildPhase section */

/* Begin PBXFileReference section */
		355B20114F297F3CB2189724 /* UITextViewPropertyBinding.h */ = {isa = PBXFileReference; fileEncoding = 4; lastKnownFileType = sourcecode.c.h; path = UITextViewPropertyBinding.h; sourceTree = "<group>"; };
		355B202917724E974E85772A /* OBAccessoryPropertyBinding.h */ = {isa = PBXFileReference; fileEncoding = 4; lastKnownFileType = sourcecode.c.h; path = OBAccessoryPropertyBinding.h; sourceTree = "<group>"; };
		355B2045B23DD29001B78D7A /* UIDatePickerPropertyBinding.h */ = {isa = PBXFileReference; fileEncoding = 4; lastKnownFileType = sourcecode.c.h; path = UIDatePickerPropertyBinding.h; sourceTree = "<group>"; };
		355B2058C0CBB17FB498DCFE /* UITableViewStub.m */ = {isa = PBXFileReference; fileEncoding = 4; lastKnownFileType = sourcecode.c.objc; path = UITableViewStub.m; sourceTree = "<group>"; };
		355B20C8526263F40A5A9527 /* OBAbstractTableViewController.m */ = {isa = PBXFileReference; fileEncoding = 4; lastKnownFileType = sourcecode.c.objc; path = OBAbstractTableViewController.m; sourceTree = "<group>"; };
		355B2123F178907C41F816A0 /* UITableViewCellModel.m */ = {isa = PBXFileReference; fileEncoding = 4; lastKnownFileType = sourcecode.c.objc; path = UITableViewCellModel.m; sourceTree = "<group>"; };
		355B21541CFC21B27110011A /* OBDemoViewController.m */ = {isa = PBXFileReference; fileEncoding = 4; lastKnownFileType = sourcecode.c.objc; path = OBDemoViewController.m; sourceTree = "<group>"; };
		355B217D70CF3AF2312F1A8F /* OBTableViewController.m */ = {isa = PBXFileReference; fileEncoding = 4; lastKnownFileType = sourcecode.c.objc; path = OBTableViewController.m; sourceTree = "<group>"; };
		355B219DC28E2BA7EAF6A2E2 /* OBSearchBarTableViewCell.m */ = {isa = PBXFileReference; fileEncoding = 4; lastKnownFileType = sourcecode.c.objc; path = OBSearchBarTableViewCell.m; sourceTree = "<group>"; };
		355B21A484FCF7700D1D137D /* OBModelCellBinding.m */ = {isa = PBXFileReference; fileEncoding = 4; lastKnownFileType = sourcecode.c.objc; path = OBModelCellBinding.m; sourceTree = "<group>"; };
		355B21B5E2A6856A8DB9F9BA /* UITableViewCellModel.h */ = {isa = PBXFileReference; fileEncoding = 4; lastKnownFileType = sourcecode.c.h; path = UITableViewCellModel.h; sourceTree = "<group>"; };
		355B220F1054DA7DF6C068CA /* UITextViewPropertyBinding.m */ = {isa = PBXFileReference; fileEncoding = 4; lastKnownFileType = sourcecode.c.objc; path = UITextViewPropertyBinding.m; sourceTree = "<group>"; };
		355B2276845046B45EE861F0 /* OBAbstractTableViewControllerTest.m */ = {isa = PBXFileReference; fileEncoding = 4; lastKnownFileType = sourcecode.c.objc; path = OBAbstractTableViewControllerTest.m; sourceTree = "<group>"; };
		355B22BE0E059B7C50EE2C2D /* OBProperty.m */ = {isa = PBXFileReference; fileEncoding = 4; lastKnownFileType = sourcecode.c.objc; path = OBProperty.m; sourceTree = "<group>"; };
		355B22C856FA3242F52C2729 /* OBTableViewSection.h */ = {isa = PBXFileReference; fileEncoding = 4; lastKnownFileType = sourcecode.c.h; path = OBTableViewSection.h; sourceTree = "<group>"; };
		355B230AF2474DA62A75CB4B /* UIDatePickerPropertyBinding.m */ = {isa = PBXFileReference; fileEncoding = 4; lastKnownFileType = sourcecode.c.objc; path = UIDatePickerPropertyBinding.m; sourceTree = "<group>"; };
		355B234C4BDDA9CF42B4F875 /* UILabelToDatePropertyBinding.m */ = {isa = PBXFileReference; fileEncoding = 4; lastKnownFileType = sourcecode.c.objc; path = UILabelToDatePropertyBinding.m; sourceTree = "<group>"; };
		355B23D1CCD44E05D98D0F36 /* UIImageViewPropertyBinding.m */ = {isa = PBXFileReference; fileEncoding = 4; lastKnownFileType = sourcecode.c.objc; path = UIImageViewPropertyBinding.m; sourceTree = "<group>"; };
		355B23DC1CB32883B8FC9C09 /* OBTableViewControllerTest_SetModels.m */ = {isa = PBXFileReference; fileEncoding = 4; lastKnownFileType = sourcecode.c.objc; path = OBTableViewControllerTest_SetModels.m; sourceTree = "<group>"; };
		355B24C8B1113A39A1EB9336 /* OBTableViewController.h */ = {isa = PBXFileReference; fileEncoding = 4; lastKnownFileType = sourcecode.c.h; path = OBTableViewController.h; sourceTree = "<group>"; };
		355B2570F32C5BB4DAB19813 /* OBSimpleTableViewController.h */ = {isa = PBXFileReference; fileEncoding = 4; lastKnownFileType = sourcecode.c.h; path = OBSimpleTableViewController.h; sourceTree = "<group>"; };
		355B258470BE994BF75E1FC6 /* OBAbstractTableViewController.h */ = {isa = PBXFileReference; fileEncoding = 4; lastKnownFileType = sourcecode.c.h; path = OBAbstractTableViewController.h; sourceTree = "<group>"; };
		355B25D1B751831C8D6C93D2 /* OBSimpleTableViewController.m */ = {isa = PBXFileReference; fileEncoding = 4; lastKnownFileType = sourcecode.c.objc; path = OBSimpleTableViewController.m; sourceTree = "<group>"; };
		355B25ECE0C021A8C55F81E4 /* UISearchBarPropertyBinding.m */ = {isa = PBXFileReference; fileEncoding = 4; lastKnownFileType = sourcecode.c.objc; path = UISearchBarPropertyBinding.m; sourceTree = "<group>"; };
		355B2633358B942BB632449C /* UILabelToDatePropertyBinding.h */ = {isa = PBXFileReference; fileEncoding = 4; lastKnownFileType = sourcecode.c.h; path = UILabelToDatePropertyBinding.h; sourceTree = "<group>"; };
		355B26915C1DF789E5E162C2 /* OBTestCase.h */ = {isa = PBXFileReference; fileEncoding = 4; lastKnownFileType = sourcecode.c.h; path = OBTestCase.h; sourceTree = "<group>"; };
		355B26B987C33D692456D0B8 /* OBTableViewSection.m */ = {isa = PBXFileReference; fileEncoding = 4; lastKnownFileType = sourcecode.c.objc; path = OBTableViewSection.m; sourceTree = "<group>"; };
		355B26CC11DCF0D46B6B4EEA /* UILabelPropertyBinding.h */ = {isa = PBXFileReference; fileEncoding = 4; lastKnownFileType = sourcecode.c.h; path = UILabelPropertyBinding.h; sourceTree = "<group>"; };
		355B26CDDD0B40303AE48656 /* OBTableViewControllerTest.m */ = {isa = PBXFileReference; fileEncoding = 4; lastKnownFileType = sourcecode.c.objc; path = OBTableViewControllerTest.m; sourceTree = "<group>"; };
		355B27A3D2302B17EFCF5870 /* UISearchBarPropertyBindingTest.m */ = {isa = PBXFileReference; fileEncoding = 4; lastKnownFileType = sourcecode.c.objc; path = UISearchBarPropertyBindingTest.m; sourceTree = "<group>"; };
		355B27DFDE3E383136D31ADA /* OBDemoViewController.h */ = {isa = PBXFileReference; fileEncoding = 4; lastKnownFileType = sourcecode.c.h; path = OBDemoViewController.h; sourceTree = "<group>"; };
		355B280D0B200C334901D126 /* OBTableViewControllerDelegate.h */ = {isa = PBXFileReference; fileEncoding = 4; lastKnownFileType = sourcecode.c.h; path = OBTableViewControllerDelegate.h; sourceTree = "<group>"; };
		355B28795380302DD0C11AD1 /* OBProperty.h */ = {isa = PBXFileReference; fileEncoding = 4; lastKnownFileType = sourcecode.c.h; path = OBProperty.h; sourceTree = "<group>"; };
		355B28DBF02C849B5651230C /* OBModelCellBinding.h */ = {isa = PBXFileReference; fileEncoding = 4; lastKnownFileType = sourcecode.c.h; path = OBModelCellBinding.h; sourceTree = "<group>"; };
		355B2AB01B75C88B6A61D2D4 /* UITableViewStub.h */ = {isa = PBXFileReference; fileEncoding = 4; lastKnownFileType = sourcecode.c.h; path = UITableViewStub.h; sourceTree = "<group>"; };
		355B2B019FDC69BF58EDCDCF /* OBPropertyBinding.h */ = {isa = PBXFileReference; fileEncoding = 4; lastKnownFileType = sourcecode.c.h; path = OBPropertyBinding.h; sourceTree = "<group>"; };
		355B2B7E748A1D46F3388333 /* OBAccessoryPropertyBinding.m */ = {isa = PBXFileReference; fileEncoding = 4; lastKnownFileType = sourcecode.c.objc; path = OBAccessoryPropertyBinding.m; sourceTree = "<group>"; };
		355B2BB8476B02A1745B4AFB /* UIImageViewPropertyBinding.h */ = {isa = PBXFileReference; fileEncoding = 4; lastKnownFileType = sourcecode.c.h; path = UIImageViewPropertyBinding.h; sourceTree = "<group>"; };
		355B2BBACB9827E2B653CBE8 /* OBReflection.h */ = {isa = PBXFileReference; fileEncoding = 4; lastKnownFileType = sourcecode.c.h; path = OBReflection.h; sourceTree = "<group>"; };
		355B2BFE2BB5AF7B639D89F1 /* OBSimpleTableViewControllerTest.m */ = {isa = PBXFileReference; fileEncoding = 4; lastKnownFileType = sourcecode.c.objc; path = OBSimpleTableViewControllerTest.m; sourceTree = "<group>"; };
		355B2C2FE9A4259BA6A605BC /* OBSearchBarTableViewCell.h */ = {isa = PBXFileReference; fileEncoding = 4; lastKnownFileType = sourcecode.c.h; path = OBSearchBarTableViewCell.h; sourceTree = "<group>"; };
		355B2CA2F3830BFB2C6F4360 /* UILabelPropertyBinding.m */ = {isa = PBXFileReference; fileEncoding = 4; lastKnownFileType = sourcecode.c.objc; path = UILabelPropertyBinding.m; sourceTree = "<group>"; };
		355B2D1913D5E582B24BBB49 /* OBModelCellBindingTest.m */ = {isa = PBXFileReference; fileEncoding = 4; lastKnownFileType = sourcecode.c.objc; path = OBModelCellBindingTest.m; sourceTree = "<group>"; };
		355B2D65015654E524532F02 /* OBReflection.m */ = {isa = PBXFileReference; fileEncoding = 4; lastKnownFileType = sourcecode.c.objc; path = OBReflection.m; sourceTree = "<group>"; };
		355B2DB14E52A15EF1995622 /* UITextFieldPropertyBinding.h */ = {isa = PBXFileReference; fileEncoding = 4; lastKnownFileType = sourcecode.c.h; path = UITextFieldPropertyBinding.h; sourceTree = "<group>"; };
		355B2E21B4A242F9370BBDD9 /* OBIntegerPropertyBinding.m */ = {isa = PBXFileReference; fileEncoding = 4; lastKnownFileType = sourcecode.c.objc; path = OBIntegerPropertyBinding.m; sourceTree = "<group>"; };
		355B2F209A32F0F285B89DF9 /* OBIntegerPropertyBinding.h */ = {isa = PBXFileReference; fileEncoding = 4; lastKnownFileType = sourcecode.c.h; path = OBIntegerPropertyBinding.h; sourceTree = "<group>"; };
		355B2F4F85B66FB5132CA123 /* OBCustomTableViewCell.h */ = {isa = PBXFileReference; fileEncoding = 4; lastKnownFileType = sourcecode.c.h; path = OBCustomTableViewCell.h; sourceTree = "<group>"; };
		355B2F7CE7C3C217B0E54501 /* OBCustomTableViewCell.m */ = {isa = PBXFileReference; fileEncoding = 4; lastKnownFileType = sourcecode.c.objc; path = OBCustomTableViewCell.m; sourceTree = "<group>"; };
		355B2FADC1B95E84CA108B9A /* UITextFieldPropertyBinding.m */ = {isa = PBXFileReference; fileEncoding = 4; lastKnownFileType = sourcecode.c.objc; path = UITextFieldPropertyBinding.m; sourceTree = "<group>"; };
		355B2FC3536F7CE46FFD85C6 /* UISearchBarPropertyBinding.h */ = {isa = PBXFileReference; fileEncoding = 4; lastKnownFileType = sourcecode.c.h; path = UISearchBarPropertyBinding.h; sourceTree = "<group>"; };
		355B2FED1592B6C99E355D50 /* OBTestCase.m */ = {isa = PBXFileReference; fileEncoding = 4; lastKnownFileType = sourcecode.c.objc; path = OBTestCase.m; sourceTree = "<group>"; };
		355B2FFCCCF2D783A8CD2DBF /* OBPropertyBinding.m */ = {isa = PBXFileReference; fileEncoding = 4; lastKnownFileType = sourcecode.c.objc; path = OBPropertyBinding.m; sourceTree = "<group>"; };
		A7378CA81CA2CED300D30471 /* OBTableViewController.framework */ = {isa = PBXFileReference; explicitFileType = wrapper.framework; includeInIndex = 0; path = OBTableViewController.framework; sourceTree = BUILT_PRODUCTS_DIR; };
		A7378CC91CA2D0AC00D30471 /* Info.plist */ = {isa = PBXFileReference; fileEncoding = 4; lastKnownFileType = text.plist.xml; path = Info.plist; sourceTree = "<group>"; };
		A7378CCB1CA2D0BD00D30471 /* OBTableViewController-Umbrella.h */ = {isa = PBXFileReference; lastKnownFileType = sourcecode.c.h; path = "OBTableViewController-Umbrella.h"; sourceTree = "<group>"; };
		A7378CE01CA2D17200D30471 /* OBTableViewController.modulemap */ = {isa = PBXFileReference; fileEncoding = 4; lastKnownFileType = "sourcecode.module-map"; path = OBTableViewController.modulemap; sourceTree = "<group>"; };
		A754FD3A19094CFE00F92530 /* Foundation.framework */ = {isa = PBXFileReference; lastKnownFileType = wrapper.framework; name = Foundation.framework; path = System/Library/Frameworks/Foundation.framework; sourceTree = SDKROOT; };
		A754FD3C19094CFE00F92530 /* CoreGraphics.framework */ = {isa = PBXFileReference; lastKnownFileType = wrapper.framework; name = CoreGraphics.framework; path = System/Library/Frameworks/CoreGraphics.framework; sourceTree = SDKROOT; };
		A754FD3E19094CFE00F92530 /* UIKit.framework */ = {isa = PBXFileReference; lastKnownFileType = wrapper.framework; name = UIKit.framework; path = System/Library/Frameworks/UIKit.framework; sourceTree = SDKROOT; };
		A754FD4019094CFE00F92530 /* CoreData.framework */ = {isa = PBXFileReference; lastKnownFileType = wrapper.framework; name = CoreData.framework; path = System/Library/Frameworks/CoreData.framework; sourceTree = SDKROOT; };
		A754FD5719094CFE00F92530 /* Tests.xctest */ = {isa = PBXFileReference; explicitFileType = wrapper.cfbundle; includeInIndex = 0; path = Tests.xctest; sourceTree = BUILT_PRODUCTS_DIR; };
		A754FD5819094CFE00F92530 /* XCTest.framework */ = {isa = PBXFileReference; lastKnownFileType = wrapper.framework; name = XCTest.framework; path = Library/Frameworks/XCTest.framework; sourceTree = DEVELOPER_DIR; };
		A754FD7319094EB900F92530 /* Demo-Info.plist */ = {isa = PBXFileReference; lastKnownFileType = text.plist.xml; path = "Demo-Info.plist"; sourceTree = "<group>"; };
		A754FD7419094EB900F92530 /* Demo-Prefix.pch */ = {isa = PBXFileReference; lastKnownFileType = sourcecode.c.h; path = "Demo-Prefix.pch"; sourceTree = "<group>"; };
		A754FD7819094EB900F92530 /* Images.xcassets */ = {isa = PBXFileReference; lastKnownFileType = folder.assetcatalog; path = Images.xcassets; sourceTree = "<group>"; };
		A754FD7A19094EB900F92530 /* main.m */ = {isa = PBXFileReference; lastKnownFileType = sourcecode.c.objc; path = main.m; sourceTree = "<group>"; };
		A754FD7B19094EB900F92530 /* OBAppDelegate.h */ = {isa = PBXFileReference; lastKnownFileType = sourcecode.c.h; path = OBAppDelegate.h; sourceTree = "<group>"; };
		A754FD7C19094EB900F92530 /* OBAppDelegate.m */ = {isa = PBXFileReference; lastKnownFileType = sourcecode.c.objc; path = OBAppDelegate.m; sourceTree = "<group>"; };
		A754FD7F19094EB900F92530 /* Test-Info.plist */ = {isa = PBXFileReference; lastKnownFileType = text.plist.xml; path = "Test-Info.plist"; sourceTree = "<group>"; };
		A758DB6A1D65E3AB0055A886 /* OCHamcrest.framework */ = {isa = PBXFileReference; lastKnownFileType = wrapper.framework; name = OCHamcrest.framework; path = Carthage/Build/iOS/OCHamcrest.framework; sourceTree = "<group>"; };
		A758DB6B1D65E3AB0055A886 /* OCMockito.framework */ = {isa = PBXFileReference; lastKnownFileType = wrapper.framework; name = OCMockito.framework; path = Carthage/Build/iOS/OCMockito.framework; sourceTree = "<group>"; };
		A75B2C851C7741AD003D753D /* LaunchScreen.storyboard */ = {isa = PBXFileReference; fileEncoding = 4; lastKnownFileType = file.storyboard; path = LaunchScreen.storyboard; sourceTree = "<group>"; };
		A77E7C0B1986A685008083C5 /* OBInsertViewController.h */ = {isa = PBXFileReference; fileEncoding = 4; lastKnownFileType = sourcecode.c.h; path = OBInsertViewController.h; sourceTree = "<group>"; };
		A77E7C0C1986A685008083C5 /* OBInsertViewController.m */ = {isa = PBXFileReference; fileEncoding = 4; lastKnownFileType = sourcecode.c.objc; path = OBInsertViewController.m; sourceTree = "<group>"; };
		A7913682219DC6FE00E91BE9 /* Cartfile */ = {isa = PBXFileReference; lastKnownFileType = text; path = Cartfile; sourceTree = "<group>"; };
		A7961DF61CF460D900F6DFC6 /* DemoApp.app */ = {isa = PBXFileReference; explicitFileType = wrapper.application; includeInIndex = 0; path = DemoApp.app; sourceTree = BUILT_PRODUCTS_DIR; };
		A7E11C3D1909614700AEA800 /* Test-Prefix.pch */ = {isa = PBXFileReference; fileEncoding = 4; lastKnownFileType = sourcecode.c.h; path = "Test-Prefix.pch"; sourceTree = "<group>"; };
		A7E11C3F19096A3000AEA800 /* Storyboard.storyboard */ = {isa = PBXFileReference; fileEncoding = 4; lastKnownFileType = file.storyboard; path = Storyboard.storyboard; sourceTree = "<group>"; };
/* End PBXFileReference section */

/* Begin PBXFrameworksBuildPhase section */
		A7378CA41CA2CED300D30471 /* Frameworks */ = {
			isa = PBXFrameworksBuildPhase;
			buildActionMask = 2147483647;
			files = (
			);
			runOnlyForDeploymentPostprocessing = 0;
		};
		A754FD5419094CFE00F92530 /* Frameworks */ = {
			isa = PBXFrameworksBuildPhase;
			buildActionMask = 2147483647;
			files = (
				A7378D221CA2E6A300D30471 /* OBTableViewController.framework in Frameworks */,
				A754FD5919094CFE00F92530 /* XCTest.framework in Frameworks */,
				A754FD5C19094CFE00F92530 /* CoreData.framework in Frameworks */,
				A754FD5B19094CFE00F92530 /* UIKit.framework in Frameworks */,
				A754FD5A19094CFE00F92530 /* Foundation.framework in Frameworks */,
				A758DB6E1D65E3F60055A886 /* OCHamcrest.framework in Frameworks */,
				A758DB6F1D65E3F60055A886 /* OCMockito.framework in Frameworks */,
			);
			runOnlyForDeploymentPostprocessing = 0;
		};
		A7961DF31CF460D900F6DFC6 /* Frameworks */ = {
			isa = PBXFrameworksBuildPhase;
			buildActionMask = 2147483647;
			files = (
				A7961E171CF4618F00F6DFC6 /* OBTableViewController.framework in Frameworks */,
			);
			runOnlyForDeploymentPostprocessing = 0;
		};
/* End PBXFrameworksBuildPhase section */

/* Begin PBXGroup section */
		355B270366E27CD0ED9DFF09 /* OBReflection */ = {
			isa = PBXGroup;
			children = (
				355B28795380302DD0C11AD1 /* OBProperty.h */,
				355B22BE0E059B7C50EE2C2D /* OBProperty.m */,
				355B2BBACB9827E2B653CBE8 /* OBReflection.h */,
				355B2D65015654E524532F02 /* OBReflection.m */,
			);
			path = OBReflection;
			sourceTree = "<group>";
		};
		355B28404E0E1D444ED67508 /* Model */ = {
			isa = PBXGroup;
			children = (
				355B2123F178907C41F816A0 /* UITableViewCellModel.m */,
				355B21B5E2A6856A8DB9F9BA /* UITableViewCellModel.h */,
			);
			path = Model;
			sourceTree = "<group>";
		};
		355B2AB1DF513886E39B7A7F /* Binding */ = {
			isa = PBXGroup;
			children = (
				355B2B019FDC69BF58EDCDCF /* OBPropertyBinding.h */,
				355B2FFCCCF2D783A8CD2DBF /* OBPropertyBinding.m */,
				355B28DBF02C849B5651230C /* OBModelCellBinding.h */,
				355B21A484FCF7700D1D137D /* OBModelCellBinding.m */,
				355B26CC11DCF0D46B6B4EEA /* UILabelPropertyBinding.h */,
				355B2CA2F3830BFB2C6F4360 /* UILabelPropertyBinding.m */,
				355B202917724E974E85772A /* OBAccessoryPropertyBinding.h */,
				355B2B7E748A1D46F3388333 /* OBAccessoryPropertyBinding.m */,
				355B2BB8476B02A1745B4AFB /* UIImageViewPropertyBinding.h */,
				355B23D1CCD44E05D98D0F36 /* UIImageViewPropertyBinding.m */,
				355B2FC3536F7CE46FFD85C6 /* UISearchBarPropertyBinding.h */,
				355B25ECE0C021A8C55F81E4 /* UISearchBarPropertyBinding.m */,
				355B2DB14E52A15EF1995622 /* UITextFieldPropertyBinding.h */,
				355B2FADC1B95E84CA108B9A /* UITextFieldPropertyBinding.m */,
				355B2045B23DD29001B78D7A /* UIDatePickerPropertyBinding.h */,
				355B230AF2474DA62A75CB4B /* UIDatePickerPropertyBinding.m */,
				355B2633358B942BB632449C /* UILabelToDatePropertyBinding.h */,
				355B234C4BDDA9CF42B4F875 /* UILabelToDatePropertyBinding.m */,
				355B2F209A32F0F285B89DF9 /* OBIntegerPropertyBinding.h */,
				355B2E21B4A242F9370BBDD9 /* OBIntegerPropertyBinding.m */,
				355B20114F297F3CB2189724 /* UITextViewPropertyBinding.h */,
				355B220F1054DA7DF6C068CA /* UITextViewPropertyBinding.m */,
			);
			path = Binding;
			sourceTree = "<group>";
		};
		355B2DF98DFF4D7F62874248 /* Stubs */ = {
			isa = PBXGroup;
			children = (
				355B2AB01B75C88B6A61D2D4 /* UITableViewStub.h */,
				355B2058C0CBB17FB498DCFE /* UITableViewStub.m */,
			);
			path = Stubs;
			sourceTree = "<group>";
		};
		355B2E782F8EC0C69CD254AB /* Binding */ = {
			isa = PBXGroup;
			children = (
				355B2D1913D5E582B24BBB49 /* OBModelCellBindingTest.m */,
				355B27A3D2302B17EFCF5870 /* UISearchBarPropertyBindingTest.m */,
				355B219DC28E2BA7EAF6A2E2 /* OBSearchBarTableViewCell.m */,
				355B2C2FE9A4259BA6A605BC /* OBSearchBarTableViewCell.h */,
			);
			path = Binding;
			sourceTree = "<group>";
		};
		A754FD2E19094CFE00F92530 = {
			isa = PBXGroup;
			children = (
				A7913682219DC6FE00E91BE9 /* Cartfile */,
				A754FD6F19094EB900F92530 /* Core */,
				A754FD7219094EB900F92530 /* Demo */,
				A754FD7D19094EB900F92530 /* Test */,
				A754FD3919094CFE00F92530 /* Frameworks */,
				A754FD3819094CFE00F92530 /* Products */,
			);
			sourceTree = "<group>";
		};
		A754FD3819094CFE00F92530 /* Products */ = {
			isa = PBXGroup;
			children = (
				A754FD5719094CFE00F92530 /* Tests.xctest */,
				A7378CA81CA2CED300D30471 /* OBTableViewController.framework */,
				A7961DF61CF460D900F6DFC6 /* DemoApp.app */,
			);
			name = Products;
			sourceTree = "<group>";
		};
		A754FD3919094CFE00F92530 /* Frameworks */ = {
			isa = PBXGroup;
			children = (
				A758DB6A1D65E3AB0055A886 /* OCHamcrest.framework */,
				A758DB6B1D65E3AB0055A886 /* OCMockito.framework */,
				A754FD3A19094CFE00F92530 /* Foundation.framework */,
				A754FD3C19094CFE00F92530 /* CoreGraphics.framework */,
				A754FD3E19094CFE00F92530 /* UIKit.framework */,
				A754FD4019094CFE00F92530 /* CoreData.framework */,
				A754FD5819094CFE00F92530 /* XCTest.framework */,
			);
			name = Frameworks;
			sourceTree = "<group>";
		};
		A754FD6F19094EB900F92530 /* Core */ = {
			isa = PBXGroup;
			children = (
				A754FD7119094EB900F92530 /* Source */,
				A7378CC91CA2D0AC00D30471 /* Info.plist */,
				A7378CCB1CA2D0BD00D30471 /* OBTableViewController-Umbrella.h */,
				A7378CE01CA2D17200D30471 /* OBTableViewController.modulemap */,
			);
			path = Core;
			sourceTree = "<group>";
		};
		A754FD7119094EB900F92530 /* Source */ = {
			isa = PBXGroup;
			children = (
				355B2AB1DF513886E39B7A7F /* Binding */,
				355B258470BE994BF75E1FC6 /* OBAbstractTableViewController.h */,
				355B20C8526263F40A5A9527 /* OBAbstractTableViewController.m */,
				355B2570F32C5BB4DAB19813 /* OBSimpleTableViewController.h */,
				355B25D1B751831C8D6C93D2 /* OBSimpleTableViewController.m */,
				355B24C8B1113A39A1EB9336 /* OBTableViewController.h */,
				355B217D70CF3AF2312F1A8F /* OBTableViewController.m */,
				355B280D0B200C334901D126 /* OBTableViewControllerDelegate.h */,
				355B22C856FA3242F52C2729 /* OBTableViewSection.h */,
				355B26B987C33D692456D0B8 /* OBTableViewSection.m */,
				355B270366E27CD0ED9DFF09 /* OBReflection */,
				355B28404E0E1D444ED67508 /* Model */,
			);
			path = Source;
			sourceTree = "<group>";
		};
		A754FD7219094EB900F92530 /* Demo */ = {
			isa = PBXGroup;
			children = (
				A754FD7319094EB900F92530 /* Demo-Info.plist */,
				A754FD7419094EB900F92530 /* Demo-Prefix.pch */,
				A754FD7519094EB900F92530 /* Resources */,
				A754FD7919094EB900F92530 /* Source */,
			);
			path = Demo;
			sourceTree = "<group>";
		};
		A754FD7519094EB900F92530 /* Resources */ = {
			isa = PBXGroup;
			children = (
				A754FD7819094EB900F92530 /* Images.xcassets */,
				A7E11C3F19096A3000AEA800 /* Storyboard.storyboard */,
				A75B2C851C7741AD003D753D /* LaunchScreen.storyboard */,
			);
			path = Resources;
			sourceTree = "<group>";
		};
		A754FD7919094EB900F92530 /* Source */ = {
			isa = PBXGroup;
			children = (
				A754FD7A19094EB900F92530 /* main.m */,
				A754FD7B19094EB900F92530 /* OBAppDelegate.h */,
				A754FD7C19094EB900F92530 /* OBAppDelegate.m */,
				355B21541CFC21B27110011A /* OBDemoViewController.m */,
				355B27DFDE3E383136D31ADA /* OBDemoViewController.h */,
				A77E7C0B1986A685008083C5 /* OBInsertViewController.h */,
				A77E7C0C1986A685008083C5 /* OBInsertViewController.m */,
			);
			path = Source;
			sourceTree = "<group>";
		};
		A754FD7D19094EB900F92530 /* Test */ = {
			isa = PBXGroup;
			children = (
				A7E11C3D1909614700AEA800 /* Test-Prefix.pch */,
				A754FD7E19094EB900F92530 /* Source */,
				A754FD7F19094EB900F92530 /* Test-Info.plist */,
			);
			path = Test;
			sourceTree = "<group>";
		};
		A754FD7E19094EB900F92530 /* Source */ = {
			isa = PBXGroup;
			children = (
				355B2E782F8EC0C69CD254AB /* Binding */,
				355B2F4F85B66FB5132CA123 /* OBCustomTableViewCell.h */,
				355B2F7CE7C3C217B0E54501 /* OBCustomTableViewCell.m */,
				355B2BFE2BB5AF7B639D89F1 /* OBSimpleTableViewControllerTest.m */,
				355B26CDDD0B40303AE48656 /* OBTableViewControllerTest.m */,
				355B2FED1592B6C99E355D50 /* OBTestCase.m */,
				355B26915C1DF789E5E162C2 /* OBTestCase.h */,
				355B2DF98DFF4D7F62874248 /* Stubs */,
				355B23DC1CB32883B8FC9C09 /* OBTableViewControllerTest_SetModels.m */,
				355B2276845046B45EE861F0 /* OBAbstractTableViewControllerTest.m */,
			);
			path = Source;
			sourceTree = "<group>";
		};
/* End PBXGroup section */

/* Begin PBXHeadersBuildPhase section */
		A7378CA51CA2CED300D30471 /* Headers */ = {
			isa = PBXHeadersBuildPhase;
			buildActionMask = 2147483647;
			files = (
				A7378CCC1CA2D0BF00D30471 /* OBTableViewController-Umbrella.h in Headers */,
				A7378CCD1CA2D12000D30471 /* OBPropertyBinding.h in Headers */,
				A7378CCE1CA2D12000D30471 /* OBModelCellBinding.h in Headers */,
				A7378CCF1CA2D12000D30471 /* UILabelPropertyBinding.h in Headers */,
				A7378CD01CA2D12000D30471 /* OBAccessoryPropertyBinding.h in Headers */,
				A7378CD11CA2D12000D30471 /* UIImageViewPropertyBinding.h in Headers */,
				A7378CD21CA2D12000D30471 /* UISearchBarPropertyBinding.h in Headers */,
				A7378CD31CA2D12000D30471 /* UITextFieldPropertyBinding.h in Headers */,
				A7378CD41CA2D12000D30471 /* UIDatePickerPropertyBinding.h in Headers */,
				A7378CD51CA2D12000D30471 /* UILabelToDatePropertyBinding.h in Headers */,
				A7378CD61CA2D12000D30471 /* OBIntegerPropertyBinding.h in Headers */,
				A7378CD71CA2D12000D30471 /* UITextViewPropertyBinding.h in Headers */,
				A7378CD81CA2D12000D30471 /* OBAbstractTableViewController.h in Headers */,
				A7378CD91CA2D12000D30471 /* OBSimpleTableViewController.h in Headers */,
				A7378CDA1CA2D12000D30471 /* OBTableViewController.h in Headers */,
				A7378CDB1CA2D12000D30471 /* OBTableViewControllerDelegate.h in Headers */,
				A7378CDC1CA2D12000D30471 /* OBTableViewSection.h in Headers */,
				A7378CDD1CA2D12000D30471 /* OBProperty.h in Headers */,
				A7378CDE1CA2D12000D30471 /* OBReflection.h in Headers */,
				A7378CDF1CA2D12000D30471 /* UITableViewCellModel.h in Headers */,
			);
			runOnlyForDeploymentPostprocessing = 0;
		};
/* End PBXHeadersBuildPhase section */

/* Begin PBXNativeTarget section */
		A7378CA71CA2CED300D30471 /* OBTableViewController */ = {
			isa = PBXNativeTarget;
			buildConfigurationList = A7378CBF1CA2CED400D30471 /* Build configuration list for PBXNativeTarget "OBTableViewController" */;
			buildPhases = (
				A7378CA31CA2CED300D30471 /* Sources */,
				A7378CA41CA2CED300D30471 /* Frameworks */,
				A7378CA51CA2CED300D30471 /* Headers */,
				A7378CA61CA2CED300D30471 /* Resources */,
			);
			buildRules = (
			);
			dependencies = (
			);
			name = OBTableViewController;
			productName = OBTableViewController;
			productReference = A7378CA81CA2CED300D30471 /* OBTableViewController.framework */;
			productType = "com.apple.product-type.framework";
		};
		A754FD5619094CFE00F92530 /* Tests */ = {
			isa = PBXNativeTarget;
			buildConfigurationList = A754FD6C19094CFE00F92530 /* Build configuration list for PBXNativeTarget "Tests" */;
			buildPhases = (
				A754FD5319094CFE00F92530 /* Sources */,
				A754FD5419094CFE00F92530 /* Frameworks */,
				A758DB731D65E5270055A886 /* CopyFiles */,
			);
			buildRules = (
			);
			dependencies = (
				A7961E1D1CF4627B00F6DFC6 /* PBXTargetDependency */,
			);
			name = Tests;
			productName = OBTableViewControllerTests;
			productReference = A754FD5719094CFE00F92530 /* Tests.xctest */;
			productType = "com.apple.product-type.bundle.unit-test";
		};
		A7961DF51CF460D900F6DFC6 /* DemoApp */ = {
			isa = PBXNativeTarget;
			buildConfigurationList = A7961E0D1CF460D900F6DFC6 /* Build configuration list for PBXNativeTarget "DemoApp" */;
			buildPhases = (
				A7961DF21CF460D900F6DFC6 /* Sources */,
				A7961DF31CF460D900F6DFC6 /* Frameworks */,
				A7961DF41CF460D900F6DFC6 /* Resources */,
				A7961E1B1CF4618F00F6DFC6 /* Embed Frameworks */,
			);
			buildRules = (
			);
			dependencies = (
				A7961E1A1CF4618F00F6DFC6 /* PBXTargetDependency */,
			);
			name = DemoApp;
			productName = DemoApp;
			productReference = A7961DF61CF460D900F6DFC6 /* DemoApp.app */;
			productType = "com.apple.product-type.application";
		};
/* End PBXNativeTarget section */

/* Begin PBXProject section */
		A754FD2F19094CFE00F92530 /* Project object */ = {
			isa = PBXProject;
			attributes = {
				CLASSPREFIX = OB;
				LastUpgradeCheck = 0930;
				ORGANIZATIONNAME = "Rene Pirringer";
				TargetAttributes = {
					A7378CA71CA2CED300D30471 = {
						CreatedOnToolsVersion = 7.3;
					};
					A754FD5619094CFE00F92530 = {
						DevelopmentTeam = ED5DV56QPQ;
						ProvisioningStyle = Automatic;
						TestTargetID = A7961DF51CF460D900F6DFC6;
					};
					A7961DF51CF460D900F6DFC6 = {
						CreatedOnToolsVersion = 7.3.1;
						DevelopmentTeam = ED5DV56QPQ;
					};
				};
			};
			buildConfigurationList = A754FD3219094CFE00F92530 /* Build configuration list for PBXProject "OBTableViewController" */;
			compatibilityVersion = "Xcode 3.2";
			developmentRegion = English;
			hasScannedForEncodings = 0;
			knownRegions = (
				English,
				en,
				Base,
			);
			mainGroup = A754FD2E19094CFE00F92530;
			productRefGroup = A754FD3819094CFE00F92530 /* Products */;
			projectDirPath = "";
			projectRoot = "";
			targets = (
				A7961DF51CF460D900F6DFC6 /* DemoApp */,
				A754FD5619094CFE00F92530 /* Tests */,
				A7378CA71CA2CED300D30471 /* OBTableViewController */,
			);
		};
/* End PBXProject section */

/* Begin PBXResourcesBuildPhase section */
		A7378CA61CA2CED300D30471 /* Resources */ = {
			isa = PBXResourcesBuildPhase;
			buildActionMask = 2147483647;
			files = (
			);
			runOnlyForDeploymentPostprocessing = 0;
		};
		A7961DF41CF460D900F6DFC6 /* Resources */ = {
			isa = PBXResourcesBuildPhase;
			buildActionMask = 2147483647;
			files = (
				A7961E141CF460F300F6DFC6 /* Storyboard.storyboard in Resources */,
				A7961E161CF4610200F6DFC6 /* Images.xcassets in Resources */,
				A7961E151CF460F300F6DFC6 /* LaunchScreen.storyboard in Resources */,
			);
			runOnlyForDeploymentPostprocessing = 0;
		};
/* End PBXResourcesBuildPhase section */

/* Begin PBXSourcesBuildPhase section */
		A7378CA31CA2CED300D30471 /* Sources */ = {
			isa = PBXSourcesBuildPhase;
			buildActionMask = 2147483647;
			files = (
				A7378CE11CA2D28700D30471 /* UILabelToDatePropertyBinding.m in Sources */,
				A7378D211CA2E0D600D30471 /* UITableViewCellModel.m in Sources */,
				A7378CE61CA2DBCD00D30471 /* OBAccessoryPropertyBinding.m in Sources */,
				A7378CEC1CA2DBCD00D30471 /* UITextViewPropertyBinding.m in Sources */,
				A7378D201CA2E0D200D30471 /* OBReflection.m in Sources */,
				A7378CEA1CA2DBCD00D30471 /* UIDatePickerPropertyBinding.m in Sources */,
				A7378CE51CA2DBCD00D30471 /* UILabelPropertyBinding.m in Sources */,
				A7378CE71CA2DBCD00D30471 /* UIImageViewPropertyBinding.m in Sources */,
				A7378CEF1CA2DBD400D30471 /* OBTableViewController.m in Sources */,
				A7378CED1CA2DBD400D30471 /* OBAbstractTableViewController.m in Sources */,
				A7378CF01CA2DBD400D30471 /* OBTableViewSection.m in Sources */,
				A7378CE41CA2DBCD00D30471 /* OBModelCellBinding.m in Sources */,
				A7378CEE1CA2DBD400D30471 /* OBSimpleTableViewController.m in Sources */,
				A7378CE81CA2DBCD00D30471 /* UISearchBarPropertyBinding.m in Sources */,
				A7378CE91CA2DBCD00D30471 /* UITextFieldPropertyBinding.m in Sources */,
				A7378D1F1CA2E0D000D30471 /* OBProperty.m in Sources */,
				A7378CEB1CA2DBCD00D30471 /* OBIntegerPropertyBinding.m in Sources */,
				A7378CE31CA2DBC400D30471 /* OBPropertyBinding.m in Sources */,
			);
			runOnlyForDeploymentPostprocessing = 0;
		};
		A754FD5319094CFE00F92530 /* Sources */ = {
			isa = PBXSourcesBuildPhase;
			buildActionMask = 2147483647;
			files = (
				355B28D2A98416B8A17ED739 /* OBCustomTableViewCell.m in Sources */,
				355B23534FD7047E63D94D73 /* OBSimpleTableViewControllerTest.m in Sources */,
				355B2560A16CA5C9A397F204 /* OBTableViewControllerTest.m in Sources */,
				355B263D86FE46D538A0186E /* OBTestCase.m in Sources */,
				355B24D0A8EE7801C9BDFB16 /* UITableViewStub.m in Sources */,
				355B23018921812CD9D20D13 /* OBModelCellBindingTest.m in Sources */,
				355B254D2F32C4A0F90FA6D2 /* UISearchBarPropertyBindingTest.m in Sources */,
				355B2EEF54E1153B2F61BFD2 /* OBSearchBarTableViewCell.m in Sources */,
				355B255402BEE645747905A7 /* OBTableViewControllerTest_SetModels.m in Sources */,
				355B22616E9A26C517A0F0ED /* OBAbstractTableViewControllerTest.m in Sources */,
			);
			runOnlyForDeploymentPostprocessing = 0;
		};
		A7961DF21CF460D900F6DFC6 /* Sources */ = {
			isa = PBXSourcesBuildPhase;
			buildActionMask = 2147483647;
			files = (
				A7961E131CF460ED00F6DFC6 /* OBInsertViewController.m in Sources */,
				A7961E101CF460E900F6DFC6 /* main.m in Sources */,
				A7961E121CF460ED00F6DFC6 /* OBDemoViewController.m in Sources */,
				A7961E111CF460ED00F6DFC6 /* OBAppDelegate.m in Sources */,
			);
			runOnlyForDeploymentPostprocessing = 0;
		};
/* End PBXSourcesBuildPhase section */

/* Begin PBXTargetDependency section */
		A7961E1A1CF4618F00F6DFC6 /* PBXTargetDependency */ = {
			isa = PBXTargetDependency;
			target = A7378CA71CA2CED300D30471 /* OBTableViewController */;
			targetProxy = A7961E191CF4618F00F6DFC6 /* PBXContainerItemProxy */;
		};
		A7961E1D1CF4627B00F6DFC6 /* PBXTargetDependency */ = {
			isa = PBXTargetDependency;
			target = A7961DF51CF460D900F6DFC6 /* DemoApp */;
			targetProxy = A7961E1C1CF4627B00F6DFC6 /* PBXContainerItemProxy */;
		};
/* End PBXTargetDependency section */

/* Begin XCBuildConfiguration section */
		A7378CC01CA2CED400D30471 /* Debug */ = {
			isa = XCBuildConfiguration;
			buildSettings = {
				APPLICATION_EXTENSION_API_ONLY = YES;
				BUILD_LIBRARY_FOR_DISTRIBUTION = YES;
				CLANG_ANALYZER_NONNULL = YES;
				CLANG_WARN_UNREACHABLE_CODE = YES;
				"CODE_SIGN_IDENTITY[sdk=iphoneos*]" = "";
				CURRENT_PROJECT_VERSION = 1;
				DEBUG_INFORMATION_FORMAT = dwarf;
				DEFINES_MODULE = YES;
				DYLIB_COMPATIBILITY_VERSION = 1;
				DYLIB_CURRENT_VERSION = 1;
				DYLIB_INSTALL_NAME_BASE = "@rpath";
				ENABLE_STRICT_OBJC_MSGSEND = YES;
				FRAMEWORK_SEARCH_PATHS = (
					"$(inherited)",
					"$(PROJECT_DIR)/Carthage/Build/iOS",
				);
				GCC_NO_COMMON_BLOCKS = YES;
				INFOPLIST_FILE = Core/Info.plist;
				INSTALL_PATH = "$(LOCAL_LIBRARY_DIR)/Frameworks";
				IPHONEOS_DEPLOYMENT_TARGET = 8.0;
				MODULEMAP_FILE = "$(SRCROOT)/Core/OBTableViewController.modulemap";
				MTL_ENABLE_DEBUG_INFO = YES;
				PRODUCT_BUNDLE_IDENTIFIER = com.elo.OBTableViewController;
				PRODUCT_NAME = "$(TARGET_NAME)";
				SKIP_INSTALL = YES;
				VERSIONING_SYSTEM = "apple-generic";
				VERSION_INFO_PREFIX = "";
			};
			name = Debug;
		};
		A7378CC11CA2CED400D30471 /* Release */ = {
			isa = XCBuildConfiguration;
			buildSettings = {
				APPLICATION_EXTENSION_API_ONLY = YES;
				BUILD_LIBRARY_FOR_DISTRIBUTION = YES;
				CLANG_ANALYZER_NONNULL = YES;
				CLANG_WARN_UNREACHABLE_CODE = YES;
				"CODE_SIGN_IDENTITY[sdk=iphoneos*]" = "";
				COPY_PHASE_STRIP = NO;
				CURRENT_PROJECT_VERSION = 1;
				DEBUG_INFORMATION_FORMAT = "dwarf-with-dsym";
				DEFINES_MODULE = YES;
				DYLIB_COMPATIBILITY_VERSION = 1;
				DYLIB_CURRENT_VERSION = 1;
				DYLIB_INSTALL_NAME_BASE = "@rpath";
				ENABLE_STRICT_OBJC_MSGSEND = YES;
				FRAMEWORK_SEARCH_PATHS = (
					"$(inherited)",
					"$(PROJECT_DIR)/Carthage/Build/iOS",
				);
				GCC_NO_COMMON_BLOCKS = YES;
				INFOPLIST_FILE = Core/Info.plist;
				INSTALL_PATH = "$(LOCAL_LIBRARY_DIR)/Frameworks";
				IPHONEOS_DEPLOYMENT_TARGET = 8.0;
				MODULEMAP_FILE = "$(SRCROOT)/Core/OBTableViewController.modulemap";
				MTL_ENABLE_DEBUG_INFO = NO;
				PRODUCT_BUNDLE_IDENTIFIER = com.elo.OBTableViewController;
				PRODUCT_NAME = "$(TARGET_NAME)";
				SKIP_INSTALL = YES;
				VERSIONING_SYSTEM = "apple-generic";
				VERSION_INFO_PREFIX = "";
			};
			name = Release;
		};
		A754FD6719094CFE00F92530 /* Debug */ = {
			isa = XCBuildConfiguration;
			buildSettings = {
				ALWAYS_SEARCH_USER_PATHS = NO;
				CLANG_CXX_LANGUAGE_STANDARD = "gnu++0x";
				CLANG_CXX_LIBRARY = "libc++";
				CLANG_ENABLE_MODULES = YES;
				CLANG_ENABLE_OBJC_ARC = YES;
				CLANG_WARN_BLOCK_CAPTURE_AUTORELEASING = YES;
				CLANG_WARN_BOOL_CONVERSION = YES;
				CLANG_WARN_COMMA = YES;
				CLANG_WARN_CONSTANT_CONVERSION = YES;
				CLANG_WARN_DEPRECATED_OBJC_IMPLEMENTATIONS = YES;
				CLANG_WARN_DIRECT_OBJC_ISA_USAGE = YES_ERROR;
				CLANG_WARN_EMPTY_BODY = YES;
				CLANG_WARN_ENUM_CONVERSION = YES;
				CLANG_WARN_INFINITE_RECURSION = YES;
				CLANG_WARN_INT_CONVERSION = YES;
				CLANG_WARN_NON_LITERAL_NULL_CONVERSION = YES;
				CLANG_WARN_OBJC_IMPLICIT_RETAIN_SELF = YES;
				CLANG_WARN_OBJC_LITERAL_CONVERSION = YES;
				CLANG_WARN_OBJC_ROOT_CLASS = YES_ERROR;
				CLANG_WARN_RANGE_LOOP_ANALYSIS = YES;
				CLANG_WARN_STRICT_PROTOTYPES = YES;
				CLANG_WARN_SUSPICIOUS_MOVE = YES;
				CLANG_WARN_UNREACHABLE_CODE = YES;
				CLANG_WARN__DUPLICATE_METHOD_MATCH = YES;
				"CODE_SIGN_IDENTITY[sdk=iphoneos*]" = "iPhone Developer";
				COPY_PHASE_STRIP = NO;
				ENABLE_STRICT_OBJC_MSGSEND = YES;
				ENABLE_TESTABILITY = YES;
				GCC_C_LANGUAGE_STANDARD = gnu99;
				GCC_DYNAMIC_NO_PIC = NO;
				GCC_NO_COMMON_BLOCKS = YES;
				GCC_OPTIMIZATION_LEVEL = 0;
				GCC_PREPROCESSOR_DEFINITIONS = (
					"DEBUG=1",
					"$(inherited)",
				);
				GCC_SYMBOLS_PRIVATE_EXTERN = NO;
				GCC_WARN_64_TO_32_BIT_CONVERSION = YES;
				GCC_WARN_ABOUT_RETURN_TYPE = YES_ERROR;
				GCC_WARN_UNDECLARED_SELECTOR = YES;
				GCC_WARN_UNINITIALIZED_AUTOS = YES_AGGRESSIVE;
				GCC_WARN_UNUSED_FUNCTION = YES;
				GCC_WARN_UNUSED_VARIABLE = YES;
				ONLY_ACTIVE_ARCH = YES;
				SDKROOT = iphoneos;
				TARGETED_DEVICE_FAMILY = "1,2";
			};
			name = Debug;
		};
		A754FD6819094CFE00F92530 /* Release */ = {
			isa = XCBuildConfiguration;
			buildSettings = {
				ALWAYS_SEARCH_USER_PATHS = NO;
				CLANG_CXX_LANGUAGE_STANDARD = "gnu++0x";
				CLANG_CXX_LIBRARY = "libc++";
				CLANG_ENABLE_MODULES = YES;
				CLANG_ENABLE_OBJC_ARC = YES;
				CLANG_WARN_BLOCK_CAPTURE_AUTORELEASING = YES;
				CLANG_WARN_BOOL_CONVERSION = YES;
				CLANG_WARN_COMMA = YES;
				CLANG_WARN_CONSTANT_CONVERSION = YES;
				CLANG_WARN_DEPRECATED_OBJC_IMPLEMENTATIONS = YES;
				CLANG_WARN_DIRECT_OBJC_ISA_USAGE = YES_ERROR;
				CLANG_WARN_EMPTY_BODY = YES;
				CLANG_WARN_ENUM_CONVERSION = YES;
				CLANG_WARN_INFINITE_RECURSION = YES;
				CLANG_WARN_INT_CONVERSION = YES;
				CLANG_WARN_NON_LITERAL_NULL_CONVERSION = YES;
				CLANG_WARN_OBJC_IMPLICIT_RETAIN_SELF = YES;
				CLANG_WARN_OBJC_LITERAL_CONVERSION = YES;
				CLANG_WARN_OBJC_ROOT_CLASS = YES_ERROR;
				CLANG_WARN_RANGE_LOOP_ANALYSIS = YES;
				CLANG_WARN_STRICT_PROTOTYPES = YES;
				CLANG_WARN_SUSPICIOUS_MOVE = YES;
				CLANG_WARN_UNREACHABLE_CODE = YES;
				CLANG_WARN__DUPLICATE_METHOD_MATCH = YES;
				"CODE_SIGN_IDENTITY[sdk=iphoneos*]" = "iPhone Developer";
				COPY_PHASE_STRIP = YES;
				ENABLE_NS_ASSERTIONS = NO;
				ENABLE_STRICT_OBJC_MSGSEND = YES;
				GCC_C_LANGUAGE_STANDARD = gnu99;
				GCC_NO_COMMON_BLOCKS = YES;
				GCC_WARN_64_TO_32_BIT_CONVERSION = YES;
				GCC_WARN_ABOUT_RETURN_TYPE = YES_ERROR;
				GCC_WARN_UNDECLARED_SELECTOR = YES;
				GCC_WARN_UNINITIALIZED_AUTOS = YES_AGGRESSIVE;
				GCC_WARN_UNUSED_FUNCTION = YES;
				GCC_WARN_UNUSED_VARIABLE = YES;
				SDKROOT = iphoneos;
				TARGETED_DEVICE_FAMILY = "1,2";
				VALIDATE_PRODUCT = YES;
			};
			name = Release;
		};
		A754FD6D19094CFE00F92530 /* Debug */ = {
			isa = XCBuildConfiguration;
			buildSettings = {
				BUNDLE_LOADER = "$(TEST_HOST)";
				"CODE_SIGN_IDENTITY[sdk=iphoneos*]" = "iPhone Developer";
				DEVELOPMENT_TEAM = ED5DV56QPQ;
				FRAMEWORK_SEARCH_PATHS = (
					"$(inherited)",
					"$(PROJECT_DIR)/Carthage/Build/iOS",
				);
				GCC_PRECOMPILE_PREFIX_HEADER = YES;
				GCC_PREFIX_HEADER = "Test/Test-Prefix.pch";
				GCC_PREPROCESSOR_DEFINITIONS = (
					"DEBUG=1",
					"$(inherited)",
				);
				INFOPLIST_FILE = "Test/Test-Info.plist";
				IPHONEOS_DEPLOYMENT_TARGET = 8.0;
				LD_RUNPATH_SEARCH_PATHS = "@loader_path/Frameworks";
				PRODUCT_BUNDLE_IDENTIFIER = "org.openbakery.${PRODUCT_NAME:rfc1034identifier}";
				PRODUCT_NAME = "$(TARGET_NAME)";
				TEST_HOST = "$(BUILT_PRODUCTS_DIR)/DemoApp.app/DemoApp";
				WRAPPER_EXTENSION = xctest;
			};
			name = Debug;
		};
		A754FD6E19094CFE00F92530 /* Release */ = {
			isa = XCBuildConfiguration;
			buildSettings = {
				BUNDLE_LOADER = "$(TEST_HOST)";
				"CODE_SIGN_IDENTITY[sdk=iphoneos*]" = "iPhone Developer";
				DEVELOPMENT_TEAM = ED5DV56QPQ;
				FRAMEWORK_SEARCH_PATHS = (
					"$(inherited)",
					"$(PROJECT_DIR)/Carthage/Build/iOS",
				);
				GCC_PRECOMPILE_PREFIX_HEADER = YES;
				GCC_PREFIX_HEADER = "Test/Test-Prefix.pch";
				INFOPLIST_FILE = "Test/Test-Info.plist";
				IPHONEOS_DEPLOYMENT_TARGET = 8.0;
				LD_RUNPATH_SEARCH_PATHS = "@loader_path/Frameworks";
				PRODUCT_BUNDLE_IDENTIFIER = "org.openbakery.${PRODUCT_NAME:rfc1034identifier}";
				PRODUCT_NAME = "$(TARGET_NAME)";
				TEST_HOST = "$(BUILT_PRODUCTS_DIR)/DemoApp.app/DemoApp";
				WRAPPER_EXTENSION = xctest;
			};
			name = Release;
		};
		A7961E0E1CF460D900F6DFC6 /* Debug */ = {
			isa = XCBuildConfiguration;
			buildSettings = {
				ASSETCATALOG_COMPILER_APPICON_NAME = AppIcon;
				CLANG_ANALYZER_NONNULL = YES;
				CLANG_WARN_UNREACHABLE_CODE = YES;
				DEBUG_INFORMATION_FORMAT = dwarf;
				DEVELOPMENT_TEAM = ED5DV56QPQ;
				ENABLE_STRICT_OBJC_MSGSEND = YES;
				FRAMEWORK_SEARCH_PATHS = (
					"$(inherited)",
					"$(PROJECT_DIR)/Carthage/Build/iOS",
				);
				GCC_NO_COMMON_BLOCKS = YES;
				INFOPLIST_FILE = "$(SRCROOT)/Demo/Demo-Info.plist";
				IPHONEOS_DEPLOYMENT_TARGET = 9.3;
				LD_RUNPATH_SEARCH_PATHS = "$(inherited) @executable_path/Frameworks";
				MTL_ENABLE_DEBUG_INFO = YES;
				PRODUCT_BUNDLE_IDENTIFIER = org.openbakery.DemoApp;
				PRODUCT_NAME = "$(TARGET_NAME)";
			};
			name = Debug;
		};
		A7961E0F1CF460D900F6DFC6 /* Release */ = {
			isa = XCBuildConfiguration;
			buildSettings = {
				ASSETCATALOG_COMPILER_APPICON_NAME = AppIcon;
				CLANG_ANALYZER_NONNULL = YES;
				CLANG_WARN_UNREACHABLE_CODE = YES;
				COPY_PHASE_STRIP = NO;
				DEBUG_INFORMATION_FORMAT = "dwarf-with-dsym";
				DEVELOPMENT_TEAM = ED5DV56QPQ;
				ENABLE_STRICT_OBJC_MSGSEND = YES;
				FRAMEWORK_SEARCH_PATHS = (
					"$(inherited)",
					"$(PROJECT_DIR)/Carthage/Build/iOS",
				);
				GCC_NO_COMMON_BLOCKS = YES;
				INFOPLIST_FILE = "$(SRCROOT)/Demo/Demo-Info.plist";
				IPHONEOS_DEPLOYMENT_TARGET = 9.3;
				LD_RUNPATH_SEARCH_PATHS = "$(inherited) @executable_path/Frameworks";
				MTL_ENABLE_DEBUG_INFO = NO;
				PRODUCT_BUNDLE_IDENTIFIER = org.openbakery.DemoApp;
				PRODUCT_NAME = "$(TARGET_NAME)";
			};
			name = Release;
		};
/* End XCBuildConfiguration section */

/* Begin XCConfigurationList section */
		A7378CBF1CA2CED400D30471 /* Build configuration list for PBXNativeTarget "OBTableViewController" */ = {
			isa = XCConfigurationList;
			buildConfigurations = (
				A7378CC01CA2CED400D30471 /* Debug */,
				A7378CC11CA2CED400D30471 /* Release */,
			);
			defaultConfigurationIsVisible = 0;
			defaultConfigurationName = Release;
		};
		A754FD3219094CFE00F92530 /* Build configuration list for PBXProject "OBTableViewController" */ = {
			isa = XCConfigurationList;
			buildConfigurations = (
				A754FD6719094CFE00F92530 /* Debug */,
				A754FD6819094CFE00F92530 /* Release */,
			);
			defaultConfigurationIsVisible = 0;
			defaultConfigurationName = Release;
		};
		A754FD6C19094CFE00F92530 /* Build configuration list for PBXNativeTarget "Tests" */ = {
			isa = XCConfigurationList;
			buildConfigurations = (
				A754FD6D19094CFE00F92530 /* Debug */,
				A754FD6E19094CFE00F92530 /* Release */,
			);
			defaultConfigurationIsVisible = 0;
			defaultConfigurationName = Release;
		};
		A7961E0D1CF460D900F6DFC6 /* Build configuration list for PBXNativeTarget "DemoApp" */ = {
			isa = XCConfigurationList;
			buildConfigurations = (
				A7961E0E1CF460D900F6DFC6 /* Debug */,
				A7961E0F1CF460D900F6DFC6 /* Release */,
			);
			defaultConfigurationIsVisible = 0;
			defaultConfigurationName = Release;
		};
/* End XCConfigurationList section */
	};
	rootObject = A754FD2F19094CFE00F92530 /* Project object */;
}
